
Microsoft Visual Studio Solution File, Format Version 12.00
# Visual Studio Version 16
VisualStudioVersion = 16.0.30907.101
MinimumVisualStudioVersion = 10.0.40219.1
Project("{FAE04EC0-301F-11D3-BF4B-00C04F79EFBC}") = "ShoppingWebsite", "ShoppingWebsite\ShoppingWebsite.csproj", "{C161F76A-71FB-4609-9DC7-74B34717476B}"
EndProject
Global
	GlobalSection(SolutionConfigurationPlatforms) = preSolution
		Debug|Any CPU = Debug|Any CPU
		Release|Any CPU = Release|Any CPU
	EndGlobalSection
	GlobalSection(ProjectConfigurationPlatforms) = postSolution
		{C161F76A-71FB-4609-9DC7-74B34717476B}.Debug|Any CPU.ActiveCfg = Debug|Any CPU
		{C161F76A-71FB-4609-9DC7-74B34717476B}.Debug|Any CPU.Build.0 = Debug|Any CPU
		{C161F76A-71FB-4609-9DC7-74B34717476B}.Release|Any CPU.ActiveCfg = Release|Any CPU
		{C161F76A-71FB-4609-9DC7-74B34717476B}.Release|Any CPU.Build.0 = Release|Any CPU
	EndGlobalSection
	GlobalSection(SolutionProperties) = preSolution
		HideSolutionNode = FALSE
	EndGlobalSection
	GlobalSection(ExtensibilityGlobals) = postSolution
		SolutionGuid = {D5AEF6DD-0B7A-4E77-A0FF-31B81982D8EB}
	EndGlobalSection
EndGlobal
